// !$*UTF8*$!
{
	archiveVersion = 1;
	classes = {
	};
	objectVersion = 46;
	objects = {

/* Begin PBXBuildFile section */
		1A4B76FB11907DD600940A50 /* MapKit.framework in Frameworks */ = {isa = PBXBuildFile; fileRef = 1A4B76FA11907DD600940A50 /* MapKit.framework */; };
		1A4B770A11907E0300940A50 /* KMLParser.m in Sources */ = {isa = PBXBuildFile; fileRef = 1A4B770911907E0300940A50 /* KMLParser.m */; };
		1A4B77311190911400940A50 /* CoreLocation.framework in Frameworks */ = {isa = PBXBuildFile; fileRef = 1A4B77301190911400940A50 /* CoreLocation.framework */; };
		1D3623260D0F684500981E51 /* KML2GAppDelegate.m in Sources */ = {isa = PBXBuildFile; fileRef = 1D3623250D0F684500981E51 /* KML2GAppDelegate.m */; };
		1D60589B0D05DD56006BFB54 /* main.m in Sources */ = {isa = PBXBuildFile; fileRef = 29B97316FDCFA39411CA2CEA /* main.m */; };
		1D60589F0D05DD5A006BFB54 /* Foundation.framework in Frameworks */ = {isa = PBXBuildFile; fileRef = 1D30AB110D05D00D00671497 /* Foundation.framework */; };
		1DF5F4E00D08C38300B7A737 /* UIKit.framework in Frameworks */ = {isa = PBXBuildFile; fileRef = 1DF5F4DF0D08C38300B7A737 /* UIKit.framework */; };
		288765A50DF7441C002DB57D /* CoreGraphics.framework in Frameworks */ = {isa = PBXBuildFile; fileRef = 288765A40DF7441C002DB57D /* CoreGraphics.framework */; };
		28D7ACF80DDB3853001CB0EB /* KML2GViewController.m in Sources */ = {isa = PBXBuildFile; fileRef = 28D7ACF70DDB3853001CB0EB /* KML2GViewController.m */; };
		533ECC0B11F63EA00067A265 /* KML2GViewController.xib in Resources */ = {isa = PBXBuildFile; fileRef = 533ECC0711F63EA00067A265 /* KML2GViewController.xib */; };
		533ECC0C11F63EA00067A265 /* MainWindow.xib in Resources */ = {isa = PBXBuildFile; fileRef = 533ECC0911F63EA00067A265 /* MainWindow.xib */; };
		535BE74414B7C82C00969FF3 /* KML_Sample.kml in Resources */ = {isa = PBXBuildFile; fileRef = 535BE74314B7C82C00969FF3 /* KML_Sample.kml */; };
		5398E9ED11F640E0002BFB95 /* Icon-72.png in Resources */ = {isa = PBXBuildFile; fileRef = 5398E9E611F640E0002BFB95 /* Icon-72.png */; };
		5398E9EE11F640E0002BFB95 /* Icon-Small-50.png in Resources */ = {isa = PBXBuildFile; fileRef = 5398E9E711F640E0002BFB95 /* Icon-Small-50.png */; };
		5398E9EF11F640E0002BFB95 /* Icon-Small.png in Resources */ = {isa = PBXBuildFile; fileRef = 5398E9E811F640E0002BFB95 /* Icon-Small.png */; };
		5398E9F011F640E0002BFB95 /* Icon-Small@2x.png in Resources */ = {isa = PBXBuildFile; fileRef = 5398E9E911F640E0002BFB95 /* Icon-Small@2x.png */; };
		5398E9F111F640E0002BFB95 /* Icon.png in Resources */ = {isa = PBXBuildFile; fileRef = 5398E9EA11F640E0002BFB95 /* Icon.png */; };
		5398E9F211F640E0002BFB95 /* Icon@2x.png in Resources */ = {isa = PBXBuildFile; fileRef = 5398E9EB11F640E0002BFB95 /* Icon@2x.png */; };
		5398E9F311F640E0002BFB95 /* iTunesArtwork in Resources */ = {isa = PBXBuildFile; fileRef = 5398E9EC11F640E0002BFB95 /* iTunesArtwork */; };
/* End PBXBuildFile section */

/* Begin PBXFileReference section */
		1A4B76FA11907DD600940A50 /* MapKit.framework */ = {isa = PBXFileReference; lastKnownFileType = wrapper.framework; name = MapKit.framework; path = System/Library/Frameworks/MapKit.framework; sourceTree = SDKROOT; };
		1A4B770811907E0300940A50 /* KMLParser.h */ = {isa = PBXFileReference; fileEncoding = 4; lastKnownFileType = sourcecode.c.h; path = KMLParser.h; sourceTree = "<group>"; };
		1A4B770911907E0300940A50 /* KMLParser.m */ = {isa = PBXFileReference; fileEncoding = 4; lastKnownFileType = sourcecode.c.objc; path = KMLParser.m; sourceTree = "<group>"; };
		1A4B77301190911400940A50 /* CoreLocation.framework */ = {isa = PBXFileReference; lastKnownFileType = wrapper.framework; name = CoreLocation.framework; path = System/Library/Frameworks/CoreLocation.framework; sourceTree = SDKROOT; };
		1D30AB110D05D00D00671497 /* Foundation.framework */ = {isa = PBXFileReference; lastKnownFileType = wrapper.framework; name = Foundation.framework; path = System/Library/Frameworks/Foundation.framework; sourceTree = SDKROOT; };
		1D3623240D0F684500981E51 /* KML2GAppDelegate.h */ = {isa = PBXFileReference; fileEncoding = 4; lastKnownFileType = sourcecode.c.h; lineEnding = 0; path = KML2GAppDelegate.h; sourceTree = "<group>"; xcLanguageSpecificationIdentifier = xcode.lang.objcpp; };
		1D3623250D0F684500981E51 /* KML2GAppDelegate.m */ = {isa = PBXFileReference; fileEncoding = 4; lastKnownFileType = sourcecode.c.objc; lineEnding = 0; path = KML2GAppDelegate.m; sourceTree = "<group>"; xcLanguageSpecificationIdentifier = xcode.lang.objc; };
		1D6058910D05DD3D006BFB54 /* KML2G.app */ = {isa = PBXFileReference; explicitFileType = wrapper.application; includeInIndex = 0; path = KML2G.app; sourceTree = BUILT_PRODUCTS_DIR; };
		1DF5F4DF0D08C38300B7A737 /* UIKit.framework */ = {isa = PBXFileReference; lastKnownFileType = wrapper.framework; name = UIKit.framework; path = System/Library/Frameworks/UIKit.framework; sourceTree = SDKROOT; };
		288765A40DF7441C002DB57D /* CoreGraphics.framework */ = {isa = PBXFileReference; lastKnownFileType = wrapper.framework; name = CoreGraphics.framework; path = System/Library/Frameworks/CoreGraphics.framework; sourceTree = SDKROOT; };
		28D7ACF60DDB3853001CB0EB /* KML2GViewController.h */ = {isa = PBXFileReference; fileEncoding = 4; lastKnownFileType = sourcecode.c.h; lineEnding = 0; path = KML2GViewController.h; sourceTree = "<group>"; xcLanguageSpecificationIdentifier = xcode.lang.objcpp; };
		28D7ACF70DDB3853001CB0EB /* KML2GViewController.m */ = {isa = PBXFileReference; fileEncoding = 4; lastKnownFileType = sourcecode.c.objc; path = KML2GViewController.m; sourceTree = "<group>"; };
		29B97316FDCFA39411CA2CEA /* main.m */ = {isa = PBXFileReference; fileEncoding = 4; lastKnownFileType = sourcecode.c.objc; path = main.m; sourceTree = "<group>"; };
		32CA4F630368D1EE00C91783 /* KML2G_Prefix.pch */ = {isa = PBXFileReference; fileEncoding = 4; lastKnownFileType = sourcecode.c.h; lineEnding = 0; path = KML2G_Prefix.pch; sourceTree = "<group>"; xcLanguageSpecificationIdentifier = xcode.lang.objc; };
		533ECC0811F63EA00067A265 /* en */ = {isa = PBXFileReference; lastKnownFileType = file.xib; name = en; path = en.lproj/KML2GViewController.xib; sourceTree = "<group>"; };
		533ECC0A11F63EA00067A265 /* en */ = {isa = PBXFileReference; lastKnownFileType = file.xib; name = en; path = en.lproj/MainWindow.xib; sourceTree = "<group>"; };
		535BE74314B7C82C00969FF3 /* KML_Sample.kml */ = {isa = PBXFileReference; fileEncoding = 4; lastKnownFileType = text.xml; path = KML_Sample.kml; sourceTree = "<group>"; };
		5398E9E611F640E0002BFB95 /* Icon-72.png */ = {isa = PBXFileReference; lastKnownFileType = image.png; path = "Icon-72.png"; sourceTree = "<group>"; };
		5398E9E711F640E0002BFB95 /* Icon-Small-50.png */ = {isa = PBXFileReference; lastKnownFileType = image.png; path = "Icon-Small-50.png"; sourceTree = "<group>"; };
		5398E9E811F640E0002BFB95 /* Icon-Small.png */ = {isa = PBXFileReference; lastKnownFileType = image.png; path = "Icon-Small.png"; sourceTree = "<group>"; };
		5398E9E911F640E0002BFB95 /* Icon-Small@2x.png */ = {isa = PBXFileReference; lastKnownFileType = image.png; path = "Icon-Small@2x.png"; sourceTree = "<group>"; };
		5398E9EA11F640E0002BFB95 /* Icon.png */ = {isa = PBXFileReference; lastKnownFileType = image.png; path = Icon.png; sourceTree = "<group>"; };
		5398E9EB11F640E0002BFB95 /* Icon@2x.png */ = {isa = PBXFileReference; lastKnownFileType = image.png; path = "Icon@2x.png"; sourceTree = "<group>"; };
		5398E9EC11F640E0002BFB95 /* iTunesArtwork */ = {isa = PBXFileReference; lastKnownFileType = file; path = iTunesArtwork; sourceTree = "<group>"; };
		53B57E68121C39C0004A1403 /* ReadMe.txt */ = {isa = PBXFileReference; fileEncoding = 4; lastKnownFileType = text; path = ReadMe.txt; sourceTree = "<group>"; };
		8D1107310486CEB800E47090 /* KML2G-Info.plist */ = {isa = PBXFileReference; fileEncoding = 4; lastKnownFileType = text.plist.xml; path = "KML2G-Info.plist"; plistStructureDefinitionIdentifier = "com.apple.xcode.plist.structure-definition.iphone.info-plist"; sourceTree = "<group>"; };
/* End PBXFileReference section */

/* Begin PBXFrameworksBuildPhase section */
		1D60588F0D05DD3D006BFB54 /* Frameworks */ = {
			isa = PBXFrameworksBuildPhase;
			buildActionMask = 2147483647;
			files = (
				1D60589F0D05DD5A006BFB54 /* Foundation.framework in Frameworks */,
				1DF5F4E00D08C38300B7A737 /* UIKit.framework in Frameworks */,
				288765A50DF7441C002DB57D /* CoreGraphics.framework in Frameworks */,
				1A4B76FB11907DD600940A50 /* MapKit.framework in Frameworks */,
				1A4B77311190911400940A50 /* CoreLocation.framework in Frameworks */,
			);
			runOnlyForDeploymentPostprocessing = 0;
		};
/* End PBXFrameworksBuildPhase section */

/* Begin PBXGroup section */
		080E96DDFE201D6D7F000001 /* Classes */ = {
			isa = PBXGroup;
			children = (
				1D3623240D0F684500981E51 /* KML2GAppDelegate.h */,
				1D3623250D0F684500981E51 /* KML2GAppDelegate.m */,
				28D7ACF60DDB3853001CB0EB /* KML2GViewController.h */,
				28D7ACF70DDB3853001CB0EB /* KML2GViewController.m */,
				1A4B770811907E0300940A50 /* KMLParser.h */,
				1A4B770911907E0300940A50 /* KMLParser.m */,
			);
			path = Classes;
			sourceTree = "<group>";
		};
		19C28FACFE9D520D11CA2CBB /* Products */ = {
			isa = PBXGroup;
			children = (
				1D6058910D05DD3D006BFB54 /* KML2G.app */,
			);
			name = Products;
			sourceTree = "<group>";
		};
		29B97314FDCFA39411CA2CEA /* CustomTemplate */ = {
			isa = PBXGroup;
			children = (
				53B57E68121C39C0004A1403 /* ReadMe.txt */,
				080E96DDFE201D6D7F000001 /* Classes */,
				29B97315FDCFA39411CA2CEA /* Other Sources */,
				29B97317FDCFA39411CA2CEA /* Resources */,
				29B97323FDCFA39411CA2CEA /* Frameworks */,
				19C28FACFE9D520D11CA2CBB /* Products */,
			);
			name = CustomTemplate;
			sourceTree = "<group>";
		};
		29B97315FDCFA39411CA2CEA /* Other Sources */ = {
			isa = PBXGroup;
			children = (
				32CA4F630368D1EE00C91783 /* KML2G_Prefix.pch */,
				29B97316FDCFA39411CA2CEA /* main.m */,
			);
			name = "Other Sources";
			sourceTree = "<group>";
		};
		29B97317FDCFA39411CA2CEA /* Resources */ = {
			isa = PBXGroup;
			children = (
				5398E9E511F640E0002BFB95 /* images */,
				533ECC0711F63EA00067A265 /* KML2GViewController.xib */,
				533ECC0911F63EA00067A265 /* MainWindow.xib */,
				8D1107310486CEB800E47090 /* KML2G-Info.plist */,
				535BE74314B7C82C00969FF3 /* KML_Sample.kml */,
			);
			name = Resources;
			sourceTree = "<group>";
		};
		29B97323FDCFA39411CA2CEA /* Frameworks */ = {
			isa = PBXGroup;
			children = (
				1A4B77301190911400940A50 /* CoreLocation.framework */,
				1A4B76FA11907DD600940A50 /* MapKit.framework */,
				1DF5F4DF0D08C38300B7A737 /* UIKit.framework */,
				1D30AB110D05D00D00671497 /* Foundation.framework */,
				288765A40DF7441C002DB57D /* CoreGraphics.framework */,
			);
			name = Frameworks;
			sourceTree = "<group>";
		};
		5398E9E511F640E0002BFB95 /* images */ = {
			isa = PBXGroup;
			children = (
				5398E9E611F640E0002BFB95 /* Icon-72.png */,
				5398E9E711F640E0002BFB95 /* Icon-Small-50.png */,
				5398E9E811F640E0002BFB95 /* Icon-Small.png */,
				5398E9E911F640E0002BFB95 /* Icon-Small@2x.png */,
				5398E9EA11F640E0002BFB95 /* Icon.png */,
				5398E9EB11F640E0002BFB95 /* Icon@2x.png */,
				5398E9EC11F640E0002BFB95 /* iTunesArtwork */,
			);
			path = images;
			sourceTree = "<group>";
		};
/* End PBXGroup section */

/* Begin PBXNativeTarget section */
		1D6058900D05DD3D006BFB54 /* KML2G */ = {
			isa = PBXNativeTarget;
			buildConfigurationList = 1D6058960D05DD3E006BFB54 /* Build configuration list for PBXNativeTarget "KML2G" */;
			buildPhases = (
				1D60588D0D05DD3D006BFB54 /* Resources */,
				1D60588E0D05DD3D006BFB54 /* Sources */,
				1D60588F0D05DD3D006BFB54 /* Frameworks */,
			);
			buildRules = (
			);
			dependencies = (
			);
			name = KML2G;
			productName = KML2G;
			productReference = 1D6058910D05DD3D006BFB54 /* KML2G.app */;
			productType = "com.apple.product-type.application";
		};
/* End PBXNativeTarget section */

/* Begin PBXProject section */
		29B97313FDCFA39411CA2CEA /* Project object */ = {
			isa = PBXProject;
			attributes = {
				LastUpgradeCheck = 0430;
			};
			buildConfigurationList = C01FCF4E08A954540054247B /* Build configuration list for PBXProject "KML2G" */;
			compatibilityVersion = "Xcode 3.2";
			developmentRegion = English;
			hasScannedForEncodings = 1;
			knownRegions = (
				English,
				Japanese,
				French,
				German,
				en,
			);
			mainGroup = 29B97314FDCFA39411CA2CEA /* CustomTemplate */;
			projectDirPath = "";
			projectRoot = "";
			targets = (
				1D6058900D05DD3D006BFB54 /* KML2G */,
			);
		};
/* End PBXProject section */

/* Begin PBXResourcesBuildPhase section */
		1D60588D0D05DD3D006BFB54 /* Resources */ = {
			isa = PBXResourcesBuildPhase;
			buildActionMask = 2147483647;
			files = (
				533ECC0B11F63EA00067A265 /* KML2GViewController.xib in Resources */,
				533ECC0C11F63EA00067A265 /* MainWindow.xib in Resources */,
				5398E9ED11F640E0002BFB95 /* Icon-72.png in Resources */,
				5398E9EE11F640E0002BFB95 /* Icon-Small-50.png in Resources */,
				5398E9EF11F640E0002BFB95 /* Icon-Small.png in Resources */,
				5398E9F011F640E0002BFB95 /* Icon-Small@2x.png in Resources */,
				5398E9F111F640E0002BFB95 /* Icon.png in Resources */,
				5398E9F211F640E0002BFB95 /* Icon@2x.png in Resources */,
				5398E9F311F640E0002BFB95 /* iTunesArtwork in Resources */,
				535BE74414B7C82C00969FF3 /* KML_Sample.kml in Resources */,
			);
			runOnlyForDeploymentPostprocessing = 0;
		};
/* End PBXResourcesBuildPhase section */

/* Begin PBXSourcesBuildPhase section */
		1D60588E0D05DD3D006BFB54 /* Sources */ = {
			isa = PBXSourcesBuildPhase;
			buildActionMask = 2147483647;
			files = (
				1D60589B0D05DD56006BFB54 /* main.m in Sources */,
				1D3623260D0F684500981E51 /* KML2GAppDelegate.m in Sources */,
				28D7ACF80DDB3853001CB0EB /* KML2GViewController.m in Sources */,
				1A4B770A11907E0300940A50 /* KMLParser.m in Sources */,
			);
			runOnlyForDeploymentPostprocessing = 0;
		};
/* End PBXSourcesBuildPhase section */

/* Begin PBXVariantGroup section */
		533ECC0711F63EA00067A265 /* KML2GViewController.xib */ = {
			isa = PBXVariantGroup;
			children = (
				533ECC0811F63EA00067A265 /* en */,
			);
			name = KML2GViewController.xib;
			sourceTree = "<group>";
		};
		533ECC0911F63EA00067A265 /* MainWindow.xib */ = {
			isa = PBXVariantGroup;
			children = (
				533ECC0A11F63EA00067A265 /* en */,
			);
			name = MainWindow.xib;
			sourceTree = "<group>";
		};
/* End PBXVariantGroup section */

/* Begin XCBuildConfiguration section */
		1D6058940D05DD3E006BFB54 /* Debug */ = {
			isa = XCBuildConfiguration;
			buildSettings = {
				ALWAYS_SEARCH_USER_PATHS = NO;
				ARCHS = (
					armv6,
					"$(ARCHS_STANDARD_32_BIT)",
				);
				COPY_PHASE_STRIP = NO;
				GCC_DYNAMIC_NO_PIC = NO;
				GCC_OPTIMIZATION_LEVEL = 0;
				GCC_PRECOMPILE_PREFIX_HEADER = YES;
				GCC_PREFIX_HEADER = KML2G_Prefix.pch;
				GCC_THUMB_SUPPORT = NO;
				INFOPLIST_FILE = "KML2G-Info.plist";
				PRODUCT_NAME = KML2G;
			};
			name = Debug;
		};
		1D6058950D05DD3E006BFB54 /* Release */ = {
			isa = XCBuildConfiguration;
			buildSettings = {
				ALWAYS_SEARCH_USER_PATHS = NO;
				ARCHS = (
					armv6,
					"$(ARCHS_STANDARD_32_BIT)",
				);
				COPY_PHASE_STRIP = YES;
				GCC_PRECOMPILE_PREFIX_HEADER = YES;
				GCC_PREFIX_HEADER = KML2G_Prefix.pch;
				GCC_THUMB_SUPPORT = NO;
				INFOPLIST_FILE = "KML2G-Info.plist";
				PRODUCT_NAME = KML2G;
				VALIDATE_PRODUCT = YES;
			};
			name = Release;
		};
		C01FCF4F08A954540054247B /* Debug */ = {
			isa = XCBuildConfiguration;
			buildSettings = {
				ARCHS = "$(ARCHS_STANDARD_32_BIT)";
				"CODE_SIGN_IDENTITY[sdk=iphoneos*]" = "iPhone Developer";
				GCC_C_LANGUAGE_STANDARD = c99;
				GCC_WARN_ABOUT_RETURN_TYPE = YES;
				GCC_WARN_UNUSED_VARIABLE = YES;
				IPHONEOS_DEPLOYMENT_TARGET = 4.0;
				SDKROOT = iphoneos;
			};
			name = Debug;
		};
		C01FCF5008A954540054247B /* Release */ = {
			isa = XCBuildConfiguration;
			buildSettings = {
				ARCHS = "$(ARCHS_STANDARD_32_BIT)";
				"CODE_SIGN_IDENTITY[sdk=iphoneos*]" = "iPhone Developer";
				GCC_C_LANGUAGE_STANDARD = c99;
				GCC_WARN_ABOUT_RETURN_TYPE = YES;
				GCC_WARN_UNUSED_VARIABLE = YES;
				IPHONEOS_DEPLOYMENT_TARGET = 4.0;
				OTHER_CFLAGS = "-DNS_BLOCK_ASSERTIONS=1";
				SDKROOT = iphoneos;
			};
			name = Release;
		};
/* End XCBuildConfiguration section */

/* Begin XCConfigurationList section */
		1D6058960D05DD3E006BFB54 /* Build configuration list for PBXNativeTarget "KML2G" */ = {
			isa = XCConfigurationList;
			buildConfigurations = (
				1D6058940D05DD3E006BFB54 /* Debug */,
				1D6058950D05DD3E006BFB54 /* Release */,
			);
			defaultConfigurationIsVisible = 0;
			defaultConfigurationName = Release;
		};
		C01FCF4E08A954540054247B /* Build configuration list for PBXProject "KML2G" */ = {
			isa = XCConfigurationList;
			buildConfigurations = (
				C01FCF4F08A954540054247B /* Debug */,
				C01FCF5008A954540054247B /* Release */,
			);
			defaultConfigurationIsVisible = 0;
			defaultConfigurationName = Release;
		};
/* End XCConfigurationList section */
	};
	rootObject = 29B97313FDCFA39411CA2CEA /* Project object */;
}
